
Microsoft Visual Studio Solution File, Format Version 12.00
# Visual Studio Version 17
VisualStudioVersion = 17.0.31903.59
MinimumVisualStudioVersion = 10.0.40219.1
Project("{2150E333-8FDC-42A3-9474-1A3956D46DE8}") = "Solution Items", "Solution Items", "{7D6BCE4C-68F7-429B-918D-32C55C06945C}"
	ProjectSection(SolutionItems) = preProject
		README.md = README.md
	EndProjectSection
EndProject
Project("{2150E333-8FDC-42A3-9474-1A3956D46DE8}") = "Application", "Application", "{0E04483A-4D80-42B6-A520-60246D190200}"
EndProject
Project("{2150E333-8FDC-42A3-9474-1A3956D46DE8}") = "Core", "Core", "{BD349C11-BE12-4F20-A545-1B83D25E3358}"
EndProject
Project("{2150E333-8FDC-42A3-9474-1A3956D46DE8}") = "Database", "Database", "{227A2C19-C905-4C53-80FC-2AAED930BBA2}"
EndProject
Project("{2150E333-8FDC-42A3-9474-1A3956D46DE8}") = "Hardwave", "Hardwave", "{51C330AF-0093-4E3C-A0BD-EF1BA207C4A6}"
EndProject
Project("{9A19103F-16F7-4668-BE54-9A1E7A4F7556}") = "Shell", "Shell\Shell.csproj", "{72032CDD-799E-44BF-90C9-734BDE04353A}"
EndProject
Project("{9A19103F-16F7-4668-BE54-9A1E7A4F7556}") = "Company.Application.Share", "Company.Application.Share\Company.Application.Share.csproj", "{20DA25EF-78D0-43A8-9944-B7D7D3AE8E27}"
EndProject
Project("{9A19103F-16F7-4668-BE54-9A1E7A4F7556}") = "Company.Core", "Company.Core\Company.Core.csproj", "{6EF9F6D0-4E0D-459C-8B20-21266B36545F}"
EndProject
Project("{9A19103F-16F7-4668-BE54-9A1E7A4F7556}") = "Company.Logger", "Company.Logger\Company.Logger.csproj", "{812FBDF0-75F5-4018-8648-51A8A2CF990E}"
EndProject
Project("{9A19103F-16F7-4668-BE54-9A1E7A4F7556}") = "Company.UI", "Company.UI\Company.UI.csproj", "{9281236E-51E9-4D0B-A715-AFA7E3B75645}"
EndProject
Project("{9A19103F-16F7-4668-BE54-9A1E7A4F7556}") = "Company.Application.Main", "Company.Application.Main\Company.Application.Main.csproj", "{A884C533-63C0-45DE-AAC9-7BEF4792FB50}"
EndProject
Project("{FAE04EC0-301F-11D3-BF4B-00C04F79EFBC}") = "Company.Application.Launch", "Company.Application.Launch\Company.Application.Launch.csproj", "{83A3E5A0-0568-4655-96E2-904A3DE13B77}"
EndProject
Global
	GlobalSection(SolutionConfigurationPlatforms) = preSolution
		Debug|Any CPU = Debug|Any CPU
		Release|Any CPU = Release|Any CPU
	EndGlobalSection
	GlobalSection(ProjectConfigurationPlatforms) = postSolution
		{72032CDD-799E-44BF-90C9-734BDE04353A}.Debug|Any CPU.ActiveCfg = Debug|Any CPU
		{72032CDD-799E-44BF-90C9-734BDE04353A}.Debug|Any CPU.Build.0 = Debug|Any CPU
		{72032CDD-799E-44BF-90C9-734BDE04353A}.Release|Any CPU.ActiveCfg = Release|Any CPU
		{72032CDD-799E-44BF-90C9-734BDE04353A}.Release|Any CPU.Build.0 = Release|Any CPU
		{20DA25EF-78D0-43A8-9944-B7D7D3AE8E27}.Debug|Any CPU.ActiveCfg = Debug|Any CPU
		{20DA25EF-78D0-43A8-9944-B7D7D3AE8E27}.Debug|Any CPU.Build.0 = Debug|Any CPU
		{20DA25EF-78D0-43A8-9944-B7D7D3AE8E27}.Release|Any CPU.ActiveCfg = Release|Any CPU
		{20DA25EF-78D0-43A8-9944-B7D7D3AE8E27}.Release|Any CPU.Build.0 = Release|Any CPU
		{6EF9F6D0-4E0D-459C-8B20-21266B36545F}.Debug|Any CPU.ActiveCfg = Debug|Any CPU
		{6EF9F6D0-4E0D-459C-8B20-21266B36545F}.Debug|Any CPU.Build.0 = Debug|Any CPU
		{6EF9F6D0-4E0D-459C-8B20-21266B36545F}.Release|Any CPU.ActiveCfg = Release|Any CPU
		{6EF9F6D0-4E0D-459C-8B20-21266B36545F}.Release|Any CPU.Build.0 = Release|Any CPU
		{812FBDF0-75F5-4018-8648-51A8A2CF990E}.Debug|Any CPU.ActiveCfg = Debug|Any CPU
		{812FBDF0-75F5-4018-8648-51A8A2CF990E}.Debug|Any CPU.Build.0 = Debug|Any CPU
		{812FBDF0-75F5-4018-8648-51A8A2CF990E}.Release|Any CPU.ActiveCfg = Release|Any CPU
		{812FBDF0-75F5-4018-8648-51A8A2CF990E}.Release|Any CPU.Build.0 = Release|Any CPU
		{9281236E-51E9-4D0B-A715-AFA7E3B75645}.Debug|Any CPU.ActiveCfg = Debug|Any CPU
		{9281236E-51E9-4D0B-A715-AFA7E3B75645}.Debug|Any CPU.Build.0 = Debug|Any CPU
		{9281236E-51E9-4D0B-A715-AFA7E3B75645}.Release|Any CPU.ActiveCfg = Release|Any CPU
		{9281236E-51E9-4D0B-A715-AFA7E3B75645}.Release|Any CPU.Build.0 = Release|Any CPU
		{A884C533-63C0-45DE-AAC9-7BEF4792FB50}.Debug|Any CPU.ActiveCfg = Debug|Any CPU
		{A884C533-63C0-45DE-AAC9-7BEF4792FB50}.Debug|Any CPU.Build.0 = Debug|Any CPU
		{A884C533-63C0-45DE-AAC9-7BEF4792FB50}.Release|Any CPU.ActiveCfg = Release|Any CPU
		{A884C533-63C0-45DE-AAC9-7BEF4792FB50}.Release|Any CPU.Build.0 = Release|Any CPU
		{83A3E5A0-0568-4655-96E2-904A3DE13B77}.Debug|Any CPU.ActiveCfg = Debug|Any CPU
		{83A3E5A0-0568-4655-96E2-904A3DE13B77}.Debug|Any CPU.Build.0 = Debug|Any CPU
		{83A3E5A0-0568-4655-96E2-904A3DE13B77}.Release|Any CPU.ActiveCfg = Release|Any CPU
		{83A3E5A0-0568-4655-96E2-904A3DE13B77}.Release|Any CPU.Build.0 = Release|Any CPU
	EndGlobalSection
	GlobalSection(SolutionProperties) = preSolution
		HideSolutionNode = FALSE
	EndGlobalSection
	GlobalSection(NestedProjects) = preSolution
		{20DA25EF-78D0-43A8-9944-B7D7D3AE8E27} = {0E04483A-4D80-42B6-A520-60246D190200}
		{6EF9F6D0-4E0D-459C-8B20-21266B36545F} = {BD349C11-BE12-4F20-A545-1B83D25E3358}
		{812FBDF0-75F5-4018-8648-51A8A2CF990E} = {BD349C11-BE12-4F20-A545-1B83D25E3358}
		{9281236E-51E9-4D0B-A715-AFA7E3B75645} = {BD349C11-BE12-4F20-A545-1B83D25E3358}
		{A884C533-63C0-45DE-AAC9-7BEF4792FB50} = {0E04483A-4D80-42B6-A520-60246D190200}
		{83A3E5A0-0568-4655-96E2-904A3DE13B77} = {0E04483A-4D80-42B6-A520-60246D190200}
	EndGlobalSection
	GlobalSection(ExtensibilityGlobals) = postSolution
		SolutionGuid = {78E157EC-587F-4F90-8DD0-A51C7D5F9332}
	EndGlobalSection
EndGlobal
